
Microsoft Visual Studio Solution File, Format Version 12.00
# Visual Studio 15
VisualStudioVersion = 15.0.28307.1401
MinimumVisualStudioVersion = 10.0.40219.1
Project("{FAE04EC0-301F-11D3-BF4B-00C04F79EFBC}") = "Lab1", "Lab1\Lab1.csproj", "{880D9D94-1DE6-417F-A9ED-2ED8ECDD856C}"
EndProject
Global
	GlobalSection(SolutionConfigurationPlatforms) = preSolution
		Debug|Any CPU = Debug|Any CPU
		Release|Any CPU = Release|Any CPU
	EndGlobalSection
	GlobalSection(ProjectConfigurationPlatforms) = postSolution
		{880D9D94-1DE6-417F-A9ED-2ED8ECDD856C}.Debug|Any CPU.ActiveCfg = Debug|Any CPU
		{880D9D94-1DE6-417F-A9ED-2ED8ECDD856C}.Debug|Any CPU.Build.0 = Debug|Any CPU
		{880D9D94-1DE6-417F-A9ED-2ED8ECDD856C}.Release|Any CPU.ActiveCfg = Release|Any CPU
		{880D9D94-1DE6-417F-A9ED-2ED8ECDD856C}.Release|Any CPU.Build.0 = Release|Any CPU
	EndGlobalSection
	GlobalSection(SolutionProperties) = preSolution
		HideSolutionNode = FALSE
	EndGlobalSection
	GlobalSection(ExtensibilityGlobals) = postSolution
		SolutionGuid = {4745E264-8F11-4BAD-8B00-10F01E6F625F}
	EndGlobalSection
EndGlobal
